
Microsoft Visual Studio Solution File, Format Version 12.00
# Visual Studio 15
VisualStudioVersion = 15.0.26730.16
MinimumVisualStudioVersion = 10.0.40219.1
Project("{FAE04EC0-301F-11D3-BF4B-00C04F79EFBC}") = "BilgeAdam.Northwind.Client", "BilgeAdam.Northwind.Client\BilgeAdam.Northwind.Client.csproj", "{4BD97D48-B8ED-4DED-9E19-FEF38B486C62}"
EndProject
Project("{FAE04EC0-301F-11D3-BF4B-00C04F79EFBC}") = "BilgeAdam.Northwind.ConsoleTest", "BilgeAdam.Northwind.ConsoleTest\BilgeAdam.Northwind.ConsoleTest.csproj", "{B9A64A7B-6307-48F8-B558-B2EEF0807821}"
EndProject
Project("{FAE04EC0-301F-11D3-BF4B-00C04F79EFBC}") = "BilgeAdam.Northwind.Business", "BilgeAdam.Northwind.Business\BilgeAdam.Northwind.Business.csproj", "{BC514EF4-B048-4265-963D-72E89AA2B539}"
EndProject
Global
	GlobalSection(SolutionConfigurationPlatforms) = preSolution
		Debug|Any CPU = Debug|Any CPU
		Release|Any CPU = Release|Any CPU
	EndGlobalSection
	GlobalSection(ProjectConfigurationPlatforms) = postSolution
		{4BD97D48-B8ED-4DED-9E19-FEF38B486C62}.Debug|Any CPU.ActiveCfg = Debug|Any CPU
		{4BD97D48-B8ED-4DED-9E19-FEF38B486C62}.Debug|Any CPU.Build.0 = Debug|Any CPU
		{4BD97D48-B8ED-4DED-9E19-FEF38B486C62}.Release|Any CPU.ActiveCfg = Release|Any CPU
		{4BD97D48-B8ED-4DED-9E19-FEF38B486C62}.Release|Any CPU.Build.0 = Release|Any CPU
		{B9A64A7B-6307-48F8-B558-B2EEF0807821}.Debug|Any CPU.ActiveCfg = Debug|Any CPU
		{B9A64A7B-6307-48F8-B558-B2EEF0807821}.Debug|Any CPU.Build.0 = Debug|Any CPU
		{B9A64A7B-6307-48F8-B558-B2EEF0807821}.Release|Any CPU.ActiveCfg = Release|Any CPU
		{B9A64A7B-6307-48F8-B558-B2EEF0807821}.Release|Any CPU.Build.0 = Release|Any CPU
		{BC514EF4-B048-4265-963D-72E89AA2B539}.Debug|Any CPU.ActiveCfg = Debug|Any CPU
		{BC514EF4-B048-4265-963D-72E89AA2B539}.Debug|Any CPU.Build.0 = Debug|Any CPU
		{BC514EF4-B048-4265-963D-72E89AA2B539}.Release|Any CPU.ActiveCfg = Release|Any CPU
		{BC514EF4-B048-4265-963D-72E89AA2B539}.Release|Any CPU.Build.0 = Release|Any CPU
	EndGlobalSection
	GlobalSection(SolutionProperties) = preSolution
		HideSolutionNode = FALSE
	EndGlobalSection
	GlobalSection(ExtensibilityGlobals) = postSolution
		SolutionGuid = {1437FAC3-F081-46F2-A77E-D37C1CC7A9E7}
	EndGlobalSection
EndGlobal
